// !$*UTF8*$!
{
	archiveVersion = 1;
	classes = {
	};
	objectVersion = 48;
	objects = {

/* Begin PBXBuildFile section */
		1203D609E49112C0E509871B /* libPods-HNDemo-iPhone.a in Frameworks */ = {isa = PBXBuildFile; fileRef = 3990A628626715150765D64D /* libPods-HNDemo-iPhone.a */; };
		4566D17B2288EF2800A6528C /* HNKeyList.m in Sources */ = {isa = PBXBuildFile; fileRef = 4566D17A2288EF2800A6528C /* HNKeyList.m */; };
		4566D181228C384800A6528C /* HNDemoServerImp.m in Sources */ = {isa = PBXBuildFile; fileRef = 4566D180228C384800A6528C /* HNDemoServerImp.m */; };
		4566D184228C394200A6528C /* HNDemoLocalImp.m in Sources */ = {isa = PBXBuildFile; fileRef = 4566D183228C394200A6528C /* HNDemoLocalImp.m */; };
		4566D18B228CEED800A6528C /* HNDemo.xcdatamodeld in Sources */ = {isa = PBXBuildFile; fileRef = 4566D189228CEED800A6528C /* HNDemo.xcdatamodeld */; };
		4566D190228CEFBF00A6528C /* SearchKeyEntity+CoreDataClass.m in Sources */ = {isa = PBXBuildFile; fileRef = 4566D18C228CEFBE00A6528C /* SearchKeyEntity+CoreDataClass.m */; };
		4566D191228CEFBF00A6528C /* SearchKeyEntity+CoreDataProperties.m in Sources */ = {isa = PBXBuildFile; fileRef = 4566D18D228CEFBE00A6528C /* SearchKeyEntity+CoreDataProperties.m */; };
		45C5CFD62244BAD8003F8CD2 /* AppDelegate.m in Sources */ = {isa = PBXBuildFile; fileRef = 45C5CFD52244BAD8003F8CD2 /* AppDelegate.m */; };
		45C5CFDC2244BAD8003F8CD2 /* Main.storyboard in Resources */ = {isa = PBXBuildFile; fileRef = 45C5CFDA2244BAD8003F8CD2 /* Main.storyboard */; };
		45C5CFDE2244BAD8003F8CD2 /* Assets.xcassets in Resources */ = {isa = PBXBuildFile; fileRef = 45C5CFDD2244BAD8003F8CD2 /* Assets.xcassets */; };
		45C5CFE12244BAD8003F8CD2 /* LaunchScreen.storyboard in Resources */ = {isa = PBXBuildFile; fileRef = 45C5CFDF2244BAD8003F8CD2 /* LaunchScreen.storyboard */; };
		45C5CFE42244BAD8003F8CD2 /* main.m in Sources */ = {isa = PBXBuildFile; fileRef = 45C5CFE32244BAD8003F8CD2 /* main.m */; };
		45C5CFEE2244BAD8003F8CD2 /* HNDemo_iPhoneTests.m in Sources */ = {isa = PBXBuildFile; fileRef = 45C5CFED2244BAD8003F8CD2 /* HNDemo_iPhoneTests.m */; };
		45C5CFF92244BAD8003F8CD2 /* HNDemo_iPhoneUITests.m in Sources */ = {isa = PBXBuildFile; fileRef = 45C5CFF82244BAD8003F8CD2 /* HNDemo_iPhoneUITests.m */; };
		45CA85FB224653AC00D591CB /* HNKeyCourseListViewController.m in Sources */ = {isa = PBXBuildFile; fileRef = 45CA85FA224653AC00D591CB /* HNKeyCourseListViewController.m */; };
		45CA85FD224653F500D591CB /* HNKeyCourseListBD.storyboard in Resources */ = {isa = PBXBuildFile; fileRef = 45CA85FC224653F500D591CB /* HNKeyCourseListBD.storyboard */; };
		45CA86002246549100D591CB /* HNKeyCourseTableViewController.m in Sources */ = {isa = PBXBuildFile; fileRef = 45CA85FF2246549100D591CB /* HNKeyCourseTableViewController.m */; };
		45CA86042246550200D591CB /* ViewController.m in Sources */ = {isa = PBXBuildFile; fileRef = 45CA86032246550200D591CB /* ViewController.m */; };
		45CA861B2249CF0C00D591CB /* HNKeyCourse.m in Sources */ = {isa = PBXBuildFile; fileRef = 45CA861A2249CF0C00D591CB /* HNKeyCourse.m */; };
		45CA861E2249CF2B00D591CB /* HNKeyCourseList.m in Sources */ = {isa = PBXBuildFile; fileRef = 45CA861D2249CF2B00D591CB /* HNKeyCourseList.m */; };
		45CA862422505E1000D591CB /* HNKeyCourseCell.m in Sources */ = {isa = PBXBuildFile; fileRef = 45CA862322505E1000D591CB /* HNKeyCourseCell.m */; };
		A18C10B722D7305B0047A044 /* HNHttpRequest.m in Sources */ = {isa = PBXBuildFile; fileRef = A18C109722D7305B0047A044 /* HNHttpRequest.m */; };
		A18C10B822D7305B0047A044 /* HNHttpRequestManager.m in Sources */ = {isa = PBXBuildFile; fileRef = A18C109A22D7305B0047A044 /* HNHttpRequestManager.m */; };
		A18C10BF22D7305B0047A044 /* LXDBacktraceLogger.m in Sources */ = {isa = PBXBuildFile; fileRef = A18C10AA22D7305B0047A044 /* LXDBacktraceLogger.m */; };
		A18C10C022D7305B0047A044 /* MainBlockLogger.m in Sources */ = {isa = PBXBuildFile; fileRef = A18C10AD22D7305B0047A044 /* MainBlockLogger.m */; };
		A18C10CD22D828F90047A044 /* UIView+HN.m in Sources */ = {isa = PBXBuildFile; fileRef = A18C10C222D828F80047A044 /* UIView+HN.m */; };
		A18C10CE22D828F90047A044 /* UIViewController+HN.m in Sources */ = {isa = PBXBuildFile; fileRef = A18C10C522D828F80047A044 /* UIViewController+HN.m */; };
		A18C10CF22D828F90047A044 /* NSDictionary+HN.m in Sources */ = {isa = PBXBuildFile; fileRef = A18C10C622D828F80047A044 /* NSDictionary+HN.m */; };
		A18C10D022D828F90047A044 /* NSError+HN.m in Sources */ = {isa = PBXBuildFile; fileRef = A18C10C722D828F80047A044 /* NSError+HN.m */; };
		A18C10D122D828F90047A044 /* HNCallback.m in Sources */ = {isa = PBXBuildFile; fileRef = A18C10C822D828F80047A044 /* HNCallback.m */; };
		A18C10D222D828F90047A044 /* UIImageView+HN.m in Sources */ = {isa = PBXBuildFile; fileRef = A18C10C922D828F90047A044 /* UIImageView+HN.m */; };
		A18C10E522D829060047A044 /* UIResponder+EventHook.m in Sources */ = {isa = PBXBuildFile; fileRef = A18C10D322D829060047A044 /* UIResponder+EventHook.m */; };
		A18C10E622D829060047A044 /* EventLogManager.m in Sources */ = {isa = PBXBuildFile; fileRef = A18C10D522D829060047A044 /* EventLogManager.m */; };
		A18C10E722D829060047A044 /* UIGestureRecognizer+EventHook.m in Sources */ = {isa = PBXBuildFile; fileRef = A18C10D622D829060047A044 /* UIGestureRecognizer+EventHook.m */; };
		A18C10E822D829060047A044 /* UIControl+EventHook.m in Sources */ = {isa = PBXBuildFile; fileRef = A18C10DB22D829060047A044 /* UIControl+EventHook.m */; };
		A18C10E922D829060047A044 /* UISwitch+EventHook.m in Sources */ = {isa = PBXBuildFile; fileRef = A18C10DE22D829060047A044 /* UISwitch+EventHook.m */; };
		A18C10EA22D829060047A044 /* UICollectionViewCell+EventHook.m in Sources */ = {isa = PBXBuildFile; fileRef = A18C10DF22D829060047A044 /* UICollectionViewCell+EventHook.m */; };
		A18C10EB22D829060047A044 /* UITableViewCell+EventHook.m in Sources */ = {isa = PBXBuildFile; fileRef = A18C10E222D829060047A044 /* UITableViewCell+EventHook.m */; };
		A18C10EC22D829060047A044 /* UITapGestureRecognizer+EventHook.m in Sources */ = {isa = PBXBuildFile; fileRef = A18C10E322D829060047A044 /* UITapGestureRecognizer+EventHook.m */; };
		A18C10ED22D829060047A044 /* EventPathHelper.m in Sources */ = {isa = PBXBuildFile; fileRef = A18C10E422D829060047A044 /* EventPathHelper.m */; };
/* End PBXBuildFile section */

/* Begin PBXContainerItemProxy section */
		45C5CFEA2244BAD8003F8CD2 /* PBXContainerItemProxy */ = {
			isa = PBXContainerItemProxy;
			containerPortal = 45C5CFC92244BAD7003F8CD2 /* Project object */;
			proxyType = 1;
			remoteGlobalIDString = 45C5CFD02244BAD8003F8CD2;
			remoteInfo = "HNDemo-iPhone";
		};
		45C5CFF52244BAD8003F8CD2 /* PBXContainerItemProxy */ = {
			isa = PBXContainerItemProxy;
			containerPortal = 45C5CFC92244BAD7003F8CD2 /* Project object */;
			proxyType = 1;
			remoteGlobalIDString = 45C5CFD02244BAD8003F8CD2;
			remoteInfo = "HNDemo-iPhone";
		};
/* End PBXContainerItemProxy section */

/* Begin PBXFileReference section */
		122F0D869925DE11DCB7C447 /* Pods-HNDemo-iPhone.debug.xcconfig */ = {isa = PBXFileReference; includeInIndex = 1; lastKnownFileType = text.xcconfig; name = "Pods-HNDemo-iPhone.debug.xcconfig"; path = "Target Support Files/Pods-HNDemo-iPhone/Pods-HNDemo-iPhone.debug.xcconfig"; sourceTree = "<group>"; };
		3990A628626715150765D64D /* libPods-HNDemo-iPhone.a */ = {isa = PBXFileReference; explicitFileType = archive.ar; includeInIndex = 0; path = "libPods-HNDemo-iPhone.a"; sourceTree = BUILT_PRODUCTS_DIR; };
		4566D1792288EF2800A6528C /* HNKeyList.h */ = {isa = PBXFileReference; lastKnownFileType = sourcecode.c.h; path = HNKeyList.h; sourceTree = "<group>"; };
		4566D17A2288EF2800A6528C /* HNKeyList.m */ = {isa = PBXFileReference; lastKnownFileType = sourcecode.c.objc; path = HNKeyList.m; sourceTree = "<group>"; };
		4566D17F228C384800A6528C /* HNDemoServerImp.h */ = {isa = PBXFileReference; lastKnownFileType = sourcecode.c.h; path = HNDemoServerImp.h; sourceTree = "<group>"; };
		4566D180228C384800A6528C /* HNDemoServerImp.m */ = {isa = PBXFileReference; lastKnownFileType = sourcecode.c.objc; path = HNDemoServerImp.m; sourceTree = "<group>"; };
		4566D182228C394200A6528C /* HNDemoLocalImp.h */ = {isa = PBXFileReference; lastKnownFileType = sourcecode.c.h; path = HNDemoLocalImp.h; sourceTree = "<group>"; };
		4566D183228C394200A6528C /* HNDemoLocalImp.m */ = {isa = PBXFileReference; lastKnownFileType = sourcecode.c.objc; path = HNDemoLocalImp.m; sourceTree = "<group>"; };
		4566D18A228CEED800A6528C /* HNDemo.xcdatamodel */ = {isa = PBXFileReference; lastKnownFileType = wrapper.xcdatamodel; path = HNDemo.xcdatamodel; sourceTree = "<group>"; };
		4566D18C228CEFBE00A6528C /* SearchKeyEntity+CoreDataClass.m */ = {isa = PBXFileReference; fileEncoding = 4; lastKnownFileType = sourcecode.c.objc; path = "SearchKeyEntity+CoreDataClass.m"; sourceTree = "<group>"; };
		4566D18D228CEFBE00A6528C /* SearchKeyEntity+CoreDataProperties.m */ = {isa = PBXFileReference; fileEncoding = 4; lastKnownFileType = sourcecode.c.objc; path = "SearchKeyEntity+CoreDataProperties.m"; sourceTree = "<group>"; };
		4566D18E228CEFBE00A6528C /* SearchKeyEntity+CoreDataProperties.h */ = {isa = PBXFileReference; fileEncoding = 4; lastKnownFileType = sourcecode.c.h; path = "SearchKeyEntity+CoreDataProperties.h"; sourceTree = "<group>"; };
		4566D18F228CEFBF00A6528C /* SearchKeyEntity+CoreDataClass.h */ = {isa = PBXFileReference; fileEncoding = 4; lastKnownFileType = sourcecode.c.h; path = "SearchKeyEntity+CoreDataClass.h"; sourceTree = "<group>"; };
		45C5CFD12244BAD8003F8CD2 /* HNDemo-iPhone.app */ = {isa = PBXFileReference; explicitFileType = wrapper.application; includeInIndex = 0; path = "HNDemo-iPhone.app"; sourceTree = BUILT_PRODUCTS_DIR; };
		45C5CFD42244BAD8003F8CD2 /* AppDelegate.h */ = {isa = PBXFileReference; lastKnownFileType = sourcecode.c.h; path = AppDelegate.h; sourceTree = "<group>"; };
		45C5CFD52244BAD8003F8CD2 /* AppDelegate.m */ = {isa = PBXFileReference; lastKnownFileType = sourcecode.c.objc; path = AppDelegate.m; sourceTree = "<group>"; };
		45C5CFDB2244BAD8003F8CD2 /* Base */ = {isa = PBXFileReference; lastKnownFileType = file.storyboard; name = Base; path = Base.lproj/Main.storyboard; sourceTree = "<group>"; };
		45C5CFDD2244BAD8003F8CD2 /* Assets.xcassets */ = {isa = PBXFileReference; lastKnownFileType = folder.assetcatalog; path = Assets.xcassets; sourceTree = "<group>"; };
		45C5CFE02244BAD8003F8CD2 /* Base */ = {isa = PBXFileReference; lastKnownFileType = file.storyboard; name = Base; path = Base.lproj/LaunchScreen.storyboard; sourceTree = "<group>"; };
		45C5CFE22244BAD8003F8CD2 /* Info.plist */ = {isa = PBXFileReference; lastKnownFileType = text.plist.xml; path = Info.plist; sourceTree = "<group>"; };
		45C5CFE32244BAD8003F8CD2 /* main.m */ = {isa = PBXFileReference; lastKnownFileType = sourcecode.c.objc; path = main.m; sourceTree = "<group>"; };
		45C5CFE92244BAD8003F8CD2 /* HNDemo-iPhoneTests.xctest */ = {isa = PBXFileReference; explicitFileType = wrapper.cfbundle; includeInIndex = 0; path = "HNDemo-iPhoneTests.xctest"; sourceTree = BUILT_PRODUCTS_DIR; };
		45C5CFED2244BAD8003F8CD2 /* HNDemo_iPhoneTests.m */ = {isa = PBXFileReference; lastKnownFileType = sourcecode.c.objc; path = HNDemo_iPhoneTests.m; sourceTree = "<group>"; };
		45C5CFEF2244BAD8003F8CD2 /* Info.plist */ = {isa = PBXFileReference; lastKnownFileType = text.plist.xml; path = Info.plist; sourceTree = "<group>"; };
		45C5CFF42244BAD8003F8CD2 /* HNDemo-iPhoneUITests.xctest */ = {isa = PBXFileReference; explicitFileType = wrapper.cfbundle; includeInIndex = 0; path = "HNDemo-iPhoneUITests.xctest"; sourceTree = BUILT_PRODUCTS_DIR; };
		45C5CFF82244BAD8003F8CD2 /* HNDemo_iPhoneUITests.m */ = {isa = PBXFileReference; lastKnownFileType = sourcecode.c.objc; path = HNDemo_iPhoneUITests.m; sourceTree = "<group>"; };
		45C5CFFA2244BAD8003F8CD2 /* Info.plist */ = {isa = PBXFileReference; lastKnownFileType = text.plist.xml; path = Info.plist; sourceTree = "<group>"; };
		45CA85F9224653AC00D591CB /* HNKeyCourseListViewController.h */ = {isa = PBXFileReference; lastKnownFileType = sourcecode.c.h; path = HNKeyCourseListViewController.h; sourceTree = "<group>"; };
		45CA85FA224653AC00D591CB /* HNKeyCourseListViewController.m */ = {isa = PBXFileReference; lastKnownFileType = sourcecode.c.objc; path = HNKeyCourseListViewController.m; sourceTree = "<group>"; };
		45CA85FC224653F500D591CB /* HNKeyCourseListBD.storyboard */ = {isa = PBXFileReference; lastKnownFileType = file.storyboard; path = HNKeyCourseListBD.storyboard; sourceTree = "<group>"; };
		45CA85FE2246549100D591CB /* HNKeyCourseTableViewController.h */ = {isa = PBXFileReference; lastKnownFileType = sourcecode.c.h; path = HNKeyCourseTableViewController.h; sourceTree = "<group>"; };
		45CA85FF2246549100D591CB /* HNKeyCourseTableViewController.m */ = {isa = PBXFileReference; lastKnownFileType = sourcecode.c.objc; path = HNKeyCourseTableViewController.m; sourceTree = "<group>"; };
		45CA86022246550200D591CB /* ViewController.h */ = {isa = PBXFileReference; fileEncoding = 4; lastKnownFileType = sourcecode.c.h; path = ViewController.h; sourceTree = "<group>"; };
		45CA86032246550200D591CB /* ViewController.m */ = {isa = PBXFileReference; fileEncoding = 4; lastKnownFileType = sourcecode.c.objc; path = ViewController.m; sourceTree = "<group>"; };
		45CA860F224722A600D591CB /* HNFoundation.h */ = {isa = PBXFileReference; lastKnownFileType = sourcecode.c.h; path = HNFoundation.h; sourceTree = "<group>"; };
		45CA86102247241700D591CB /* PrefixHeader.pch */ = {isa = PBXFileReference; lastKnownFileType = sourcecode.c.h; path = PrefixHeader.pch; sourceTree = "<group>"; };
		45CA86192249CF0C00D591CB /* HNKeyCourse.h */ = {isa = PBXFileReference; lastKnownFileType = sourcecode.c.h; path = HNKeyCourse.h; sourceTree = "<group>"; };
		45CA861A2249CF0C00D591CB /* HNKeyCourse.m */ = {isa = PBXFileReference; lastKnownFileType = sourcecode.c.objc; path = HNKeyCourse.m; sourceTree = "<group>"; };
		45CA861C2249CF2B00D591CB /* HNKeyCourseList.h */ = {isa = PBXFileReference; lastKnownFileType = sourcecode.c.h; path = HNKeyCourseList.h; sourceTree = "<group>"; };
		45CA861D2249CF2B00D591CB /* HNKeyCourseList.m */ = {isa = PBXFileReference; lastKnownFileType = sourcecode.c.objc; path = HNKeyCourseList.m; sourceTree = "<group>"; };
		45CA862222505E1000D591CB /* HNKeyCourseCell.h */ = {isa = PBXFileReference; lastKnownFileType = sourcecode.c.h; path = HNKeyCourseCell.h; sourceTree = "<group>"; };
		45CA862322505E1000D591CB /* HNKeyCourseCell.m */ = {isa = PBXFileReference; lastKnownFileType = sourcecode.c.objc; path = HNKeyCourseCell.m; sourceTree = "<group>"; };
		45CA863422588A9100D591CB /* HNDemoURL.h */ = {isa = PBXFileReference; lastKnownFileType = sourcecode.c.h; path = HNDemoURL.h; sourceTree = "<group>"; };
		617DDAFE700E3A4E32659F14 /* Pods-HNDemo-iPhone.release.xcconfig */ = {isa = PBXFileReference; includeInIndex = 1; lastKnownFileType = text.xcconfig; name = "Pods-HNDemo-iPhone.release.xcconfig"; path = "Target Support Files/Pods-HNDemo-iPhone/Pods-HNDemo-iPhone.release.xcconfig"; sourceTree = "<group>"; };
		A18C109722D7305B0047A044 /* HNHttpRequest.m */ = {isa = PBXFileReference; fileEncoding = 4; lastKnownFileType = sourcecode.c.objc; path = HNHttpRequest.m; sourceTree = "<group>"; };
		A18C109822D7305B0047A044 /* HNHttpRequestManager.h */ = {isa = PBXFileReference; fileEncoding = 4; lastKnownFileType = sourcecode.c.h; path = HNHttpRequestManager.h; sourceTree = "<group>"; };
		A18C109922D7305B0047A044 /* HNHttpRequest.h */ = {isa = PBXFileReference; fileEncoding = 4; lastKnownFileType = sourcecode.c.h; path = HNHttpRequest.h; sourceTree = "<group>"; };
		A18C109A22D7305B0047A044 /* HNHttpRequestManager.m */ = {isa = PBXFileReference; fileEncoding = 4; lastKnownFileType = sourcecode.c.objc; path = HNHttpRequestManager.m; sourceTree = "<group>"; };
		A18C10AA22D7305B0047A044 /* LXDBacktraceLogger.m */ = {isa = PBXFileReference; fileEncoding = 4; lastKnownFileType = sourcecode.c.objc; path = LXDBacktraceLogger.m; sourceTree = "<group>"; };
		A18C10AB22D7305B0047A044 /* MainBlockLogger.h */ = {isa = PBXFileReference; fileEncoding = 4; lastKnownFileType = sourcecode.c.h; path = MainBlockLogger.h; sourceTree = "<group>"; };
		A18C10AC22D7305B0047A044 /* LXDBacktraceLogger.h */ = {isa = PBXFileReference; fileEncoding = 4; lastKnownFileType = sourcecode.c.h; path = LXDBacktraceLogger.h; sourceTree = "<group>"; };
		A18C10AD22D7305B0047A044 /* MainBlockLogger.m */ = {isa = PBXFileReference; fileEncoding = 4; lastKnownFileType = sourcecode.c.objc; path = MainBlockLogger.m; sourceTree = "<group>"; };
		A18C10C122D828F80047A044 /* UIView+HN.h */ = {isa = PBXFileReference; fileEncoding = 4; lastKnownFileType = sourcecode.c.h; path = "UIView+HN.h"; sourceTree = "<group>"; };
		A18C10C222D828F80047A044 /* UIView+HN.m */ = {isa = PBXFileReference; fileEncoding = 4; lastKnownFileType = sourcecode.c.objc; path = "UIView+HN.m"; sourceTree = "<group>"; };
		A18C10C322D828F80047A044 /* HNCallback.h */ = {isa = PBXFileReference; fileEncoding = 4; lastKnownFileType = sourcecode.c.h; path = HNCallback.h; sourceTree = "<group>"; };
		A18C10C422D828F80047A044 /* NSError+HN.h */ = {isa = PBXFileReference; fileEncoding = 4; lastKnownFileType = sourcecode.c.h; path = "NSError+HN.h"; sourceTree = "<group>"; };
		A18C10C522D828F80047A044 /* UIViewController+HN.m */ = {isa = PBXFileReference; fileEncoding = 4; lastKnownFileType = sourcecode.c.objc; path = "UIViewController+HN.m"; sourceTree = "<group>"; };
		A18C10C622D828F80047A044 /* NSDictionary+HN.m */ = {isa = PBXFileReference; fileEncoding = 4; lastKnownFileType = sourcecode.c.objc; path = "NSDictionary+HN.m"; sourceTree = "<group>"; };
		A18C10C722D828F80047A044 /* NSError+HN.m */ = {isa = PBXFileReference; fileEncoding = 4; lastKnownFileType = sourcecode.c.objc; path = "NSError+HN.m"; sourceTree = "<group>"; };
		A18C10C822D828F80047A044 /* HNCallback.m */ = {isa = PBXFileReference; fileEncoding = 4; lastKnownFileType = sourcecode.c.objc; path = HNCallback.m; sourceTree = "<group>"; };
		A18C10C922D828F90047A044 /* UIImageView+HN.m */ = {isa = PBXFileReference; fileEncoding = 4; lastKnownFileType = sourcecode.c.objc; path = "UIImageView+HN.m"; sourceTree = "<group>"; };
		A18C10CA22D828F90047A044 /* UIViewController+HN.h */ = {isa = PBXFileReference; fileEncoding = 4; lastKnownFileType = sourcecode.c.h; path = "UIViewController+HN.h"; sourceTree = "<group>"; };
		A18C10CB22D828F90047A044 /* UIImageView+HN.h */ = {isa = PBXFileReference; fileEncoding = 4; lastKnownFileType = sourcecode.c.h; path = "UIImageView+HN.h"; sourceTree = "<group>"; };
		A18C10CC22D828F90047A044 /* NSDictionary+HN.h */ = {isa = PBXFileReference; fileEncoding = 4; lastKnownFileType = sourcecode.c.h; path = "NSDictionary+HN.h"; sourceTree = "<group>"; };
		A18C10D322D829060047A044 /* UIResponder+EventHook.m */ = {isa = PBXFileReference; fileEncoding = 4; lastKnownFileType = sourcecode.c.objc; path = "UIResponder+EventHook.m"; sourceTree = "<group>"; };
		A18C10D422D829060047A044 /* EventPathHelper.h */ = {isa = PBXFileReference; fileEncoding = 4; lastKnownFileType = sourcecode.c.h; path = EventPathHelper.h; sourceTree = "<group>"; };
		A18C10D522D829060047A044 /* EventLogManager.m */ = {isa = PBXFileReference; fileEncoding = 4; lastKnownFileType = sourcecode.c.objc; path = EventLogManager.m; sourceTree = "<group>"; };
		A18C10D622D829060047A044 /* UIGestureRecognizer+EventHook.m */ = {isa = PBXFileReference; fileEncoding = 4; lastKnownFileType = sourcecode.c.objc; path = "UIGestureRecognizer+EventHook.m"; sourceTree = "<group>"; };
		A18C10D722D829060047A044 /* UICollectionViewCell+EventHook.h */ = {isa = PBXFileReference; fileEncoding = 4; lastKnownFileType = sourcecode.c.h; path = "UICollectionViewCell+EventHook.h"; sourceTree = "<group>"; };
		A18C10D822D829060047A044 /* EventLogManager.h */ = {isa = PBXFileReference; fileEncoding = 4; lastKnownFileType = sourcecode.c.h; path = EventLogManager.h; sourceTree = "<group>"; };
		A18C10D922D829060047A044 /* UIControl+EventHook.h */ = {isa = PBXFileReference; fileEncoding = 4; lastKnownFileType = sourcecode.c.h; path = "UIControl+EventHook.h"; sourceTree = "<group>"; };
		A18C10DA22D829060047A044 /* UITapGestureRecognizer+EventHook.h */ = {isa = PBXFileReference; fileEncoding = 4; lastKnownFileType = sourcecode.c.h; path = "UITapGestureRecognizer+EventHook.h"; sourceTree = "<group>"; };
		A18C10DB22D829060047A044 /* UIControl+EventHook.m */ = {isa = PBXFileReference; fileEncoding = 4; lastKnownFileType = sourcecode.c.objc; path = "UIControl+EventHook.m"; sourceTree = "<group>"; };
		A18C10DC22D829060047A044 /* UITableViewCell+EventHook.h */ = {isa = PBXFileReference; fileEncoding = 4; lastKnownFileType = sourcecode.c.h; path = "UITableViewCell+EventHook.h"; sourceTree = "<group>"; };
		A18C10DD22D829060047A044 /* UIResponder+EventHook.h */ = {isa = PBXFileReference; fileEncoding = 4; lastKnownFileType = sourcecode.c.h; path = "UIResponder+EventHook.h"; sourceTree = "<group>"; };
		A18C10DE22D829060047A044 /* UISwitch+EventHook.m */ = {isa = PBXFileReference; fileEncoding = 4; lastKnownFileType = sourcecode.c.objc; path = "UISwitch+EventHook.m"; sourceTree = "<group>"; };
		A18C10DF22D829060047A044 /* UICollectionViewCell+EventHook.m */ = {isa = PBXFileReference; fileEncoding = 4; lastKnownFileType = sourcecode.c.objc; path = "UICollectionViewCell+EventHook.m"; sourceTree = "<group>"; };
		A18C10E022D829060047A044 /* UIGestureRecognizer+EventHook.h */ = {isa = PBXFileReference; fileEncoding = 4; lastKnownFileType = sourcecode.c.h; path = "UIGestureRecognizer+EventHook.h"; sourceTree = "<group>"; };
		A18C10E122D829060047A044 /* UISwitch+EventHook.h */ = {isa = PBXFileReference; fileEncoding = 4; lastKnownFileType = sourcecode.c.h; path = "UISwitch+EventHook.h"; sourceTree = "<group>"; };
		A18C10E222D829060047A044 /* UITableViewCell+EventHook.m */ = {isa = PBXFileReference; fileEncoding = 4; lastKnownFileType = sourcecode.c.objc; path = "UITableViewCell+EventHook.m"; sourceTree = "<group>"; };
		A18C10E322D829060047A044 /* UITapGestureRecognizer+EventHook.m */ = {isa = PBXFileReference; fileEncoding = 4; lastKnownFileType = sourcecode.c.objc; path = "UITapGestureRecognizer+EventHook.m"; sourceTree = "<group>"; };
		A18C10E422D829060047A044 /* EventPathHelper.m */ = {isa = PBXFileReference; fileEncoding = 4; lastKnownFileType = sourcecode.c.objc; path = EventPathHelper.m; sourceTree = "<group>"; };
/* End PBXFileReference section */

/* Begin PBXFrameworksBuildPhase section */
		45C5CFCE2244BAD8003F8CD2 /* Frameworks */ = {
			isa = PBXFrameworksBuildPhase;
			buildActionMask = 2147483647;
			files = (
				1203D609E49112C0E509871B /* libPods-HNDemo-iPhone.a in Frameworks */,
			);
			runOnlyForDeploymentPostprocessing = 0;
		};
		45C5CFE62244BAD8003F8CD2 /* Frameworks */ = {
			isa = PBXFrameworksBuildPhase;
			buildActionMask = 2147483647;
			files = (
			);
			runOnlyForDeploymentPostprocessing = 0;
		};
		45C5CFF12244BAD8003F8CD2 /* Frameworks */ = {
			isa = PBXFrameworksBuildPhase;
			buildActionMask = 2147483647;
			files = (
			);
			runOnlyForDeploymentPostprocessing = 0;
		};
/* End PBXFrameworksBuildPhase section */

/* Begin PBXGroup section */
		4566D188228CEED800A6528C /* HNEntity */ = {
			isa = PBXGroup;
			children = (
				4566D18F228CEFBF00A6528C /* SearchKeyEntity+CoreDataClass.h */,
				4566D18C228CEFBE00A6528C /* SearchKeyEntity+CoreDataClass.m */,
				4566D18E228CEFBE00A6528C /* SearchKeyEntity+CoreDataProperties.h */,
				4566D18D228CEFBE00A6528C /* SearchKeyEntity+CoreDataProperties.m */,
				4566D189228CEED800A6528C /* HNDemo.xcdatamodeld */,
			);
			path = HNEntity;
			sourceTree = "<group>";
		};
		45C5CFC82244BAD7003F8CD2 = {
			isa = PBXGroup;
			children = (
				45CA85EF2246522A00D591CB /* HNLibrary */,
				45C5CFD32244BAD8003F8CD2 /* HNDemo-iPhone */,
				45C5CFEC2244BAD8003F8CD2 /* HNDemo-iPhoneTests */,
				45C5CFF72244BAD8003F8CD2 /* HNDemo-iPhoneUITests */,
				45C5CFD22244BAD8003F8CD2 /* Products */,
				96895F56BA08426F19EA3780 /* Pods */,
				84CD9B5C80E418F199C89570 /* Frameworks */,
			);
			sourceTree = "<group>";
		};
		45C5CFD22244BAD8003F8CD2 /* Products */ = {
			isa = PBXGroup;
			children = (
				45C5CFD12244BAD8003F8CD2 /* HNDemo-iPhone.app */,
				45C5CFE92244BAD8003F8CD2 /* HNDemo-iPhoneTests.xctest */,
				45C5CFF42244BAD8003F8CD2 /* HNDemo-iPhoneUITests.xctest */,
			);
			name = Products;
			sourceTree = "<group>";
		};
		45C5CFD32244BAD8003F8CD2 /* HNDemo-iPhone */ = {
			isa = PBXGroup;
			children = (
				45CA86012246550200D591CB /* Home */,
				45C5CFD42244BAD8003F8CD2 /* AppDelegate.h */,
				45C5CFD52244BAD8003F8CD2 /* AppDelegate.m */,
				45C5CFDA2244BAD8003F8CD2 /* Main.storyboard */,
				45C5CFDD2244BAD8003F8CD2 /* Assets.xcassets */,
				45C5CFDF2244BAD8003F8CD2 /* LaunchScreen.storyboard */,
				45C5CFE22244BAD8003F8CD2 /* Info.plist */,
				45C5CFE32244BAD8003F8CD2 /* main.m */,
				45CA86102247241700D591CB /* PrefixHeader.pch */,
			);
			path = "HNDemo-iPhone";
			sourceTree = "<group>";
		};
		45C5CFEC2244BAD8003F8CD2 /* HNDemo-iPhoneTests */ = {
			isa = PBXGroup;
			children = (
				45C5CFED2244BAD8003F8CD2 /* HNDemo_iPhoneTests.m */,
				45C5CFEF2244BAD8003F8CD2 /* Info.plist */,
			);
			path = "HNDemo-iPhoneTests";
			sourceTree = "<group>";
		};
		45C5CFF72244BAD8003F8CD2 /* HNDemo-iPhoneUITests */ = {
			isa = PBXGroup;
			children = (
				45C5CFF82244BAD8003F8CD2 /* HNDemo_iPhoneUITests.m */,
				45C5CFFA2244BAD8003F8CD2 /* Info.plist */,
			);
			path = "HNDemo-iPhoneUITests";
			sourceTree = "<group>";
		};
		45CA85EF2246522A00D591CB /* HNLibrary */ = {
			isa = PBXGroup;
			children = (
				45CA85F02246522A00D591CB /* HNFoundation */,
				45CA85F12246522A00D591CB /* HNModel */,
				45CA85F22246522A00D591CB /* HNModule */,
			);
			path = HNLibrary;
			sourceTree = "<group>";
		};
		45CA85F02246522A00D591CB /* HNFoundation */ = {
			isa = PBXGroup;
			children = (
				A18C109B22D7305B0047A044 /* Common */,
				A18C10A822D7305B0047A044 /* Database */,
				A18C108322D7305B0047A044 /* EventLog */,
				A18C109622D7305B0047A044 /* Network */,
				A18C10A922D7305B0047A044 /* UEPlus */,
				45CA860F224722A600D591CB /* HNFoundation.h */,
			);
			path = HNFoundation;
			sourceTree = "<group>";
		};
		45CA85F12246522A00D591CB /* HNModel */ = {
			isa = PBXGroup;
			children = (
				4566D188228CEED800A6528C /* HNEntity */,
				45CA863422588A9100D591CB /* HNDemoURL.h */,
				45CA86192249CF0C00D591CB /* HNKeyCourse.h */,
				45CA861A2249CF0C00D591CB /* HNKeyCourse.m */,
				45CA861C2249CF2B00D591CB /* HNKeyCourseList.h */,
				45CA861D2249CF2B00D591CB /* HNKeyCourseList.m */,
				4566D1792288EF2800A6528C /* HNKeyList.h */,
				4566D17A2288EF2800A6528C /* HNKeyList.m */,
				4566D17F228C384800A6528C /* HNDemoServerImp.h */,
				4566D180228C384800A6528C /* HNDemoServerImp.m */,
				4566D182228C394200A6528C /* HNDemoLocalImp.h */,
				4566D183228C394200A6528C /* HNDemoLocalImp.m */,
			);
			path = HNModel;
			sourceTree = "<group>";
		};
		45CA85F22246522A00D591CB /* HNModule */ = {
			isa = PBXGroup;
			children = (
				45CA85F9224653AC00D591CB /* HNKeyCourseListViewController.h */,
				45CA85FA224653AC00D591CB /* HNKeyCourseListViewController.m */,
				45CA85FC224653F500D591CB /* HNKeyCourseListBD.storyboard */,
				45CA85FE2246549100D591CB /* HNKeyCourseTableViewController.h */,
				45CA85FF2246549100D591CB /* HNKeyCourseTableViewController.m */,
				45CA862222505E1000D591CB /* HNKeyCourseCell.h */,
				45CA862322505E1000D591CB /* HNKeyCourseCell.m */,
			);
			path = HNModule;
			sourceTree = "<group>";
		};
		45CA86012246550200D591CB /* Home */ = {
			isa = PBXGroup;
			children = (
				45CA86022246550200D591CB /* ViewController.h */,
				45CA86032246550200D591CB /* ViewController.m */,
			);
			path = Home;
			sourceTree = "<group>";
		};
		84CD9B5C80E418F199C89570 /* Frameworks */ = {
			isa = PBXGroup;
			children = (
				3990A628626715150765D64D /* libPods-HNDemo-iPhone.a */,
			);
			name = Frameworks;
			sourceTree = "<group>";
		};
		96895F56BA08426F19EA3780 /* Pods */ = {
			isa = PBXGroup;
			children = (
				122F0D869925DE11DCB7C447 /* Pods-HNDemo-iPhone.debug.xcconfig */,
				617DDAFE700E3A4E32659F14 /* Pods-HNDemo-iPhone.release.xcconfig */,
			);
			path = Pods;
			sourceTree = "<group>";
		};
		A18C108322D7305B0047A044 /* EventLog */ = {
			isa = PBXGroup;
			children = (
				A18C10D822D829060047A044 /* EventLogManager.h */,
				A18C10D522D829060047A044 /* EventLogManager.m */,
				A18C10D422D829060047A044 /* EventPathHelper.h */,
				A18C10E422D829060047A044 /* EventPathHelper.m */,
				A18C10D722D829060047A044 /* UICollectionViewCell+EventHook.h */,
				A18C10DF22D829060047A044 /* UICollectionViewCell+EventHook.m */,
				A18C10D922D829060047A044 /* UIControl+EventHook.h */,
				A18C10DB22D829060047A044 /* UIControl+EventHook.m */,
				A18C10E022D829060047A044 /* UIGestureRecognizer+EventHook.h */,
				A18C10D622D829060047A044 /* UIGestureRecognizer+EventHook.m */,
				A18C10DD22D829060047A044 /* UIResponder+EventHook.h */,
				A18C10D322D829060047A044 /* UIResponder+EventHook.m */,
				A18C10E122D829060047A044 /* UISwitch+EventHook.h */,
				A18C10DE22D829060047A044 /* UISwitch+EventHook.m */,
				A18C10DC22D829060047A044 /* UITableViewCell+EventHook.h */,
				A18C10E222D829060047A044 /* UITableViewCell+EventHook.m */,
				A18C10DA22D829060047A044 /* UITapGestureRecognizer+EventHook.h */,
				A18C10E322D829060047A044 /* UITapGestureRecognizer+EventHook.m */,
			);
			path = EventLog;
			sourceTree = "<group>";
		};
		A18C109622D7305B0047A044 /* Network */ = {
			isa = PBXGroup;
			children = (
				A18C109922D7305B0047A044 /* HNHttpRequest.h */,
				A18C109722D7305B0047A044 /* HNHttpRequest.m */,
				A18C109822D7305B0047A044 /* HNHttpRequestManager.h */,
				A18C109A22D7305B0047A044 /* HNHttpRequestManager.m */,
			);
			path = Network;
			sourceTree = "<group>";
		};
		A18C109B22D7305B0047A044 /* Common */ = {
			isa = PBXGroup;
			children = (
				A18C10C322D828F80047A044 /* HNCallback.h */,
				A18C10C822D828F80047A044 /* HNCallback.m */,
				A18C10CC22D828F90047A044 /* NSDictionary+HN.h */,
				A18C10C622D828F80047A044 /* NSDictionary+HN.m */,
				A18C10C422D828F80047A044 /* NSError+HN.h */,
				A18C10C722D828F80047A044 /* NSError+HN.m */,
				A18C10CB22D828F90047A044 /* UIImageView+HN.h */,
				A18C10C922D828F90047A044 /* UIImageView+HN.m */,
				A18C10C122D828F80047A044 /* UIView+HN.h */,
				A18C10C222D828F80047A044 /* UIView+HN.m */,
				A18C10CA22D828F90047A044 /* UIViewController+HN.h */,
				A18C10C522D828F80047A044 /* UIViewController+HN.m */,
			);
			path = Common;
			sourceTree = "<group>";
		};
		A18C10A822D7305B0047A044 /* Database */ = {
			isa = PBXGroup;
			children = (
			);
			path = Database;
			sourceTree = "<group>";
		};
		A18C10A922D7305B0047A044 /* UEPlus */ = {
			isa = PBXGroup;
			children = (
				A18C10AC22D7305B0047A044 /* LXDBacktraceLogger.h */,
				A18C10AA22D7305B0047A044 /* LXDBacktraceLogger.m */,
				A18C10AB22D7305B0047A044 /* MainBlockLogger.h */,
				A18C10AD22D7305B0047A044 /* MainBlockLogger.m */,
			);
			path = UEPlus;
			sourceTree = "<group>";
		};
/* End PBXGroup section */

/* Begin PBXNativeTarget section */
		45C5CFD02244BAD8003F8CD2 /* HNDemo-iPhone */ = {
			isa = PBXNativeTarget;
			buildConfigurationList = 45C5CFFD2244BAD8003F8CD2 /* Build configuration list for PBXNativeTarget "HNDemo-iPhone" */;
			buildPhases = (
				76F12C94BBBFC08D915CEE5D /* [CP] Check Pods Manifest.lock */,
				45C5CFCD2244BAD8003F8CD2 /* Sources */,
				45C5CFCE2244BAD8003F8CD2 /* Frameworks */,
				45C5CFCF2244BAD8003F8CD2 /* Resources */,
				DD7EE8274B073AFD39FCDF2A /* [CP] Copy Pods Resources */,
			);
			buildRules = (
			);
			dependencies = (
			);
			name = "HNDemo-iPhone";
			productName = "HNDemo-iPhone";
			productReference = 45C5CFD12244BAD8003F8CD2 /* HNDemo-iPhone.app */;
			productType = "com.apple.product-type.application";
		};
		45C5CFE82244BAD8003F8CD2 /* HNDemo-iPhoneTests */ = {
			isa = PBXNativeTarget;
			buildConfigurationList = 45C5D0002244BAD8003F8CD2 /* Build configuration list for PBXNativeTarget "HNDemo-iPhoneTests" */;
			buildPhases = (
				45C5CFE52244BAD8003F8CD2 /* Sources */,
				45C5CFE62244BAD8003F8CD2 /* Frameworks */,
				45C5CFE72244BAD8003F8CD2 /* Resources */,
			);
			buildRules = (
			);
			dependencies = (
				45C5CFEB2244BAD8003F8CD2 /* PBXTargetDependency */,
			);
			name = "HNDemo-iPhoneTests";
			productName = "HNDemo-iPhoneTests";
			productReference = 45C5CFE92244BAD8003F8CD2 /* HNDemo-iPhoneTests.xctest */;
			productType = "com.apple.product-type.bundle.unit-test";
		};
		45C5CFF32244BAD8003F8CD2 /* HNDemo-iPhoneUITests */ = {
			isa = PBXNativeTarget;
			buildConfigurationList = 45C5D0032244BAD8003F8CD2 /* Build configuration list for PBXNativeTarget "HNDemo-iPhoneUITests" */;
			buildPhases = (
				45C5CFF02244BAD8003F8CD2 /* Sources */,
				45C5CFF12244BAD8003F8CD2 /* Frameworks */,
				45C5CFF22244BAD8003F8CD2 /* Resources */,
			);
			buildRules = (
			);
			dependencies = (
				45C5CFF62244BAD8003F8CD2 /* PBXTargetDependency */,
			);
			name = "HNDemo-iPhoneUITests";
			productName = "HNDemo-iPhoneUITests";
			productReference = 45C5CFF42244BAD8003F8CD2 /* HNDemo-iPhoneUITests.xctest */;
			productType = "com.apple.product-type.bundle.ui-testing";
		};
/* End PBXNativeTarget section */

/* Begin PBXProject section */
		45C5CFC92244BAD7003F8CD2 /* Project object */ = {
			isa = PBXProject;
			attributes = {
				LastUpgradeCheck = 0920;
				ORGANIZATIONNAME = shuilin;
				TargetAttributes = {
					45C5CFD02244BAD8003F8CD2 = {
						CreatedOnToolsVersion = 9.2;
						ProvisioningStyle = Automatic;
					};
					45C5CFE82244BAD8003F8CD2 = {
						CreatedOnToolsVersion = 9.2;
						ProvisioningStyle = Automatic;
						TestTargetID = 45C5CFD02244BAD8003F8CD2;
					};
					45C5CFF32244BAD8003F8CD2 = {
						CreatedOnToolsVersion = 9.2;
						ProvisioningStyle = Automatic;
						TestTargetID = 45C5CFD02244BAD8003F8CD2;
					};
				};
			};
			buildConfigurationList = 45C5CFCC2244BAD7003F8CD2 /* Build configuration list for PBXProject "HNDemo-iPhone" */;
			compatibilityVersion = "Xcode 8.0";
			developmentRegion = en;
			hasScannedForEncodings = 0;
			knownRegions = (
				en,
				Base,
			);
			mainGroup = 45C5CFC82244BAD7003F8CD2;
			productRefGroup = 45C5CFD22244BAD8003F8CD2 /* Products */;
			projectDirPath = "";
			projectRoot = "";
			targets = (
				45C5CFD02244BAD8003F8CD2 /* HNDemo-iPhone */,
				45C5CFE82244BAD8003F8CD2 /* HNDemo-iPhoneTests */,
				45C5CFF32244BAD8003F8CD2 /* HNDemo-iPhoneUITests */,
			);
		};
/* End PBXProject section */

/* Begin PBXResourcesBuildPhase section */
		45C5CFCF2244BAD8003F8CD2 /* Resources */ = {
			isa = PBXResourcesBuildPhase;
			buildActionMask = 2147483647;
			files = (
				45C5CFE12244BAD8003F8CD2 /* LaunchScreen.storyboard in Resources */,
				45CA85FD224653F500D591CB /* HNKeyCourseListBD.storyboard in Resources */,
				45C5CFDE2244BAD8003F8CD2 /* Assets.xcassets in Resources */,
				45C5CFDC2244BAD8003F8CD2 /* Main.storyboard in Resources */,
			);
			runOnlyForDeploymentPostprocessing = 0;
		};
		45C5CFE72244BAD8003F8CD2 /* Resources */ = {
			isa = PBXResourcesBuildPhase;
			buildActionMask = 2147483647;
			files = (
			);
			runOnlyForDeploymentPostprocessing = 0;
		};
		45C5CFF22244BAD8003F8CD2 /* Resources */ = {
			isa = PBXResourcesBuildPhase;
			buildActionMask = 2147483647;
			files = (
			);
			runOnlyForDeploymentPostprocessing = 0;
		};
/* End PBXResourcesBuildPhase section */

/* Begin PBXShellScriptBuildPhase section */
		76F12C94BBBFC08D915CEE5D /* [CP] Check Pods Manifest.lock */ = {
			isa = PBXShellScriptBuildPhase;
			buildActionMask = 2147483647;
			files = (
			);
			inputPaths = (
				"${PODS_PODFILE_DIR_PATH}/Podfile.lock",
				"${PODS_ROOT}/Manifest.lock",
			);
			name = "[CP] Check Pods Manifest.lock";
			outputPaths = (
				"$(DERIVED_FILE_DIR)/Pods-HNDemo-iPhone-checkManifestLockResult.txt",
			);
			runOnlyForDeploymentPostprocessing = 0;
			shellPath = /bin/sh;
			shellScript = "diff \"${PODS_PODFILE_DIR_PATH}/Podfile.lock\" \"${PODS_ROOT}/Manifest.lock\" > /dev/null\nif [ $? != 0 ] ; then\n    # print error to STDERR\n    echo \"error: The sandbox is not in sync with the Podfile.lock. Run 'pod install' or update your CocoaPods installation.\" >&2\n    exit 1\nfi\n# This output is used by Xcode 'outputs' to avoid re-running this script phase.\necho \"SUCCESS\" > \"${SCRIPT_OUTPUT_FILE_0}\"\n";
			showEnvVarsInLog = 0;
		};
		DD7EE8274B073AFD39FCDF2A /* [CP] Copy Pods Resources */ = {
			isa = PBXShellScriptBuildPhase;
			buildActionMask = 2147483647;
			files = (
			);
			inputPaths = (
				"${PODS_ROOT}/Target Support Files/Pods-HNDemo-iPhone/Pods-HNDemo-iPhone-resources.sh",
				"${PODS_ROOT}/MJRefresh/MJRefresh/MJRefresh.bundle",
			);
			name = "[CP] Copy Pods Resources";
			outputPaths = (
				"${TARGET_BUILD_DIR}/${UNLOCALIZED_RESOURCES_FOLDER_PATH}/MJRefresh.bundle",
			);
			runOnlyForDeploymentPostprocessing = 0;
			shellPath = /bin/sh;
			shellScript = "\"${PODS_ROOT}/Target Support Files/Pods-HNDemo-iPhone/Pods-HNDemo-iPhone-resources.sh\"\n";
			showEnvVarsInLog = 0;
		};
/* End PBXShellScriptBuildPhase section */

/* Begin PBXSourcesBuildPhase section */
		45C5CFCD2244BAD8003F8CD2 /* Sources */ = {
			isa = PBXSourcesBuildPhase;
			buildActionMask = 2147483647;
			files = (
				A18C10E522D829060047A044 /* UIResponder+EventHook.m in Sources */,
				A18C10E822D829060047A044 /* UIControl+EventHook.m in Sources */,
				A18C10B722D7305B0047A044 /* HNHttpRequest.m in Sources */,
				A18C10D022D828F90047A044 /* NSError+HN.m in Sources */,
				A18C10CD22D828F90047A044 /* UIView+HN.m in Sources */,
				45CA86042246550200D591CB /* ViewController.m in Sources */,
				A18C10EB22D829060047A044 /* UITableViewCell+EventHook.m in Sources */,
				A18C10EA22D829060047A044 /* UICollectionViewCell+EventHook.m in Sources */,
				45CA862422505E1000D591CB /* HNKeyCourseCell.m in Sources */,
				A18C10EC22D829060047A044 /* UITapGestureRecognizer+EventHook.m in Sources */,
				A18C10E722D829060047A044 /* UIGestureRecognizer+EventHook.m in Sources */,
				A18C10D122D828F90047A044 /* HNCallback.m in Sources */,
				4566D17B2288EF2800A6528C /* HNKeyList.m in Sources */,
				4566D190228CEFBF00A6528C /* SearchKeyEntity+CoreDataClass.m in Sources */,
				4566D191228CEFBF00A6528C /* SearchKeyEntity+CoreDataProperties.m in Sources */,
				4566D181228C384800A6528C /* HNDemoServerImp.m in Sources */,
				A18C10B822D7305B0047A044 /* HNHttpRequestManager.m in Sources */,
				45CA861B2249CF0C00D591CB /* HNKeyCourse.m in Sources */,
				4566D184228C394200A6528C /* HNDemoLocalImp.m in Sources */,
				A18C10D222D828F90047A044 /* UIImageView+HN.m in Sources */,
				45C5CFE42244BAD8003F8CD2 /* main.m in Sources */,
				45CA86002246549100D591CB /* HNKeyCourseTableViewController.m in Sources */,
				A18C10BF22D7305B0047A044 /* LXDBacktraceLogger.m in Sources */,
				4566D18B228CEED800A6528C /* HNDemo.xcdatamodeld in Sources */,
				45C5CFD62244BAD8003F8CD2 /* AppDelegate.m in Sources */,
				A18C10CE22D828F90047A044 /* UIViewController+HN.m in Sources */,
				A18C10E922D829060047A044 /* UISwitch+EventHook.m in Sources */,
				A18C10E622D829060047A044 /* EventLogManager.m in Sources */,
				A18C10CF22D828F90047A044 /* NSDictionary+HN.m in Sources */,
				45CA85FB224653AC00D591CB /* HNKeyCourseListViewController.m in Sources */,
				A18C10ED22D829060047A044 /* EventPathHelper.m in Sources */,
				45CA861E2249CF2B00D591CB /* HNKeyCourseList.m in Sources */,
				A18C10C022D7305B0047A044 /* MainBlockLogger.m in Sources */,
			);
			runOnlyForDeploymentPostprocessing = 0;
		};
		45C5CFE52244BAD8003F8CD2 /* Sources */ = {
			isa = PBXSourcesBuildPhase;
			buildActionMask = 2147483647;
			files = (
				45C5CFEE2244BAD8003F8CD2 /* HNDemo_iPhoneTests.m in Sources */,
			);
			runOnlyForDeploymentPostprocessing = 0;
		};
		45C5CFF02244BAD8003F8CD2 /* Sources */ = {
			isa = PBXSourcesBuildPhase;
			buildActionMask = 2147483647;
			files = (
				45C5CFF92244BAD8003F8CD2 /* HNDemo_iPhoneUITests.m in Sources */,
			);
			runOnlyForDeploymentPostprocessing = 0;
		};
/* End PBXSourcesBuildPhase section */

/* Begin PBXTargetDependency section */
		45C5CFEB2244BAD8003F8CD2 /* PBXTargetDependency */ = {
			isa = PBXTargetDependency;
			target = 45C5CFD02244BAD8003F8CD2 /* HNDemo-iPhone */;
			targetProxy = 45C5CFEA2244BAD8003F8CD2 /* PBXContainerItemProxy */;
		};
		45C5CFF62244BAD8003F8CD2 /* PBXTargetDependency */ = {
			isa = PBXTargetDependency;
			target = 45C5CFD02244BAD8003F8CD2 /* HNDemo-iPhone */;
			targetProxy = 45C5CFF52244BAD8003F8CD2 /* PBXContainerItemProxy */;
		};
/* End PBXTargetDependency section */

/* Begin PBXVariantGroup section */
		45C5CFDA2244BAD8003F8CD2 /* Main.storyboard */ = {
			isa = PBXVariantGroup;
			children = (
				45C5CFDB2244BAD8003F8CD2 /* Base */,
			);
			name = Main.storyboard;
			sourceTree = "<group>";
		};
		45C5CFDF2244BAD8003F8CD2 /* LaunchScreen.storyboard */ = {
			isa = PBXVariantGroup;
			children = (
				45C5CFE02244BAD8003F8CD2 /* Base */,
			);
			name = LaunchScreen.storyboard;
			sourceTree = "<group>";
		};
/* End PBXVariantGroup section */

/* Begin XCBuildConfiguration section */
		45C5CFFB2244BAD8003F8CD2 /* Debug */ = {
			isa = XCBuildConfiguration;
			buildSettings = {
				ALWAYS_SEARCH_USER_PATHS = NO;
				CLANG_ANALYZER_NONNULL = YES;
				CLANG_ANALYZER_NUMBER_OBJECT_CONVERSION = YES_AGGRESSIVE;
				CLANG_CXX_LANGUAGE_STANDARD = "gnu++14";
				CLANG_CXX_LIBRARY = "libc++";
				CLANG_ENABLE_MODULES = YES;
				CLANG_ENABLE_OBJC_ARC = YES;
				CLANG_WARN_BLOCK_CAPTURE_AUTORELEASING = YES;
				CLANG_WARN_BOOL_CONVERSION = YES;
				CLANG_WARN_COMMA = YES;
				CLANG_WARN_CONSTANT_CONVERSION = YES;
				CLANG_WARN_DIRECT_OBJC_ISA_USAGE = YES_ERROR;
				CLANG_WARN_DOCUMENTATION_COMMENTS = YES;
				CLANG_WARN_EMPTY_BODY = YES;
				CLANG_WARN_ENUM_CONVERSION = YES;
				CLANG_WARN_INFINITE_RECURSION = YES;
				CLANG_WARN_INT_CONVERSION = YES;
				CLANG_WARN_NON_LITERAL_NULL_CONVERSION = YES;
				CLANG_WARN_OBJC_LITERAL_CONVERSION = YES;
				CLANG_WARN_OBJC_ROOT_CLASS = YES_ERROR;
				CLANG_WARN_RANGE_LOOP_ANALYSIS = YES;
				CLANG_WARN_STRICT_PROTOTYPES = YES;
				CLANG_WARN_SUSPICIOUS_MOVE = YES;
				CLANG_WARN_UNGUARDED_AVAILABILITY = YES_AGGRESSIVE;
				CLANG_WARN_UNREACHABLE_CODE = YES;
				CLANG_WARN__DUPLICATE_METHOD_MATCH = YES;
				CODE_SIGN_IDENTITY = "iPhone Developer";
				COPY_PHASE_STRIP = NO;
				DEBUG_INFORMATION_FORMAT = dwarf;
				ENABLE_STRICT_OBJC_MSGSEND = YES;
				ENABLE_TESTABILITY = YES;
				GCC_C_LANGUAGE_STANDARD = gnu11;
				GCC_DYNAMIC_NO_PIC = NO;
				GCC_NO_COMMON_BLOCKS = YES;
				GCC_OPTIMIZATION_LEVEL = 0;
				GCC_PREPROCESSOR_DEFINITIONS = (
					"DEBUG=1",
					"$(inherited)",
				);
				GCC_WARN_64_TO_32_BIT_CONVERSION = YES;
				GCC_WARN_ABOUT_RETURN_TYPE = YES_ERROR;
				GCC_WARN_UNDECLARED_SELECTOR = YES;
				GCC_WARN_UNINITIALIZED_AUTOS = YES_AGGRESSIVE;
				GCC_WARN_UNUSED_FUNCTION = YES;
				GCC_WARN_UNUSED_VARIABLE = YES;
				IPHONEOS_DEPLOYMENT_TARGET = 9.0;
				MTL_ENABLE_DEBUG_INFO = YES;
				ONLY_ACTIVE_ARCH = YES;
				SDKROOT = iphoneos;
			};
			name = Debug;
		};
		45C5CFFC2244BAD8003F8CD2 /* Release */ = {
			isa = XCBuildConfiguration;
			buildSettings = {
				ALWAYS_SEARCH_USER_PATHS = NO;
				CLANG_ANALYZER_NONNULL = YES;
				CLANG_ANALYZER_NUMBER_OBJECT_CONVERSION = YES_AGGRESSIVE;
				CLANG_CXX_LANGUAGE_STANDARD = "gnu++14";
				CLANG_CXX_LIBRARY = "libc++";
				CLANG_ENABLE_MODULES = YES;
				CLANG_ENABLE_OBJC_ARC = YES;
				CLANG_WARN_BLOCK_CAPTURE_AUTORELEASING = YES;
				CLANG_WARN_BOOL_CONVERSION = YES;
				CLANG_WARN_COMMA = YES;
				CLANG_WARN_CONSTANT_CONVERSION = YES;
				CLANG_WARN_DIRECT_OBJC_ISA_USAGE = YES_ERROR;
				CLANG_WARN_DOCUMENTATION_COMMENTS = YES;
				CLANG_WARN_EMPTY_BODY = YES;
				CLANG_WARN_ENUM_CONVERSION = YES;
				CLANG_WARN_INFINITE_RECURSION = YES;
				CLANG_WARN_INT_CONVERSION = YES;
				CLANG_WARN_NON_LITERAL_NULL_CONVERSION = YES;
				CLANG_WARN_OBJC_LITERAL_CONVERSION = YES;
				CLANG_WARN_OBJC_ROOT_CLASS = YES_ERROR;
				CLANG_WARN_RANGE_LOOP_ANALYSIS = YES;
				CLANG_WARN_STRICT_PROTOTYPES = YES;
				CLANG_WARN_SUSPICIOUS_MOVE = YES;
				CLANG_WARN_UNGUARDED_AVAILABILITY = YES_AGGRESSIVE;
				CLANG_WARN_UNREACHABLE_CODE = YES;
				CLANG_WARN__DUPLICATE_METHOD_MATCH = YES;
				CODE_SIGN_IDENTITY = "iPhone Developer";
				COPY_PHASE_STRIP = NO;
				DEBUG_INFORMATION_FORMAT = "dwarf-with-dsym";
				ENABLE_NS_ASSERTIONS = NO;
				ENABLE_STRICT_OBJC_MSGSEND = YES;
				GCC_C_LANGUAGE_STANDARD = gnu11;
				GCC_NO_COMMON_BLOCKS = YES;
				GCC_WARN_64_TO_32_BIT_CONVERSION = YES;
				GCC_WARN_ABOUT_RETURN_TYPE = YES_ERROR;
				GCC_WARN_UNDECLARED_SELECTOR = YES;
				GCC_WARN_UNINITIALIZED_AUTOS = YES_AGGRESSIVE;
				GCC_WARN_UNUSED_FUNCTION = YES;
				GCC_WARN_UNUSED_VARIABLE = YES;
				IPHONEOS_DEPLOYMENT_TARGET = 9.0;
				MTL_ENABLE_DEBUG_INFO = NO;
				SDKROOT = iphoneos;
				VALIDATE_PRODUCT = YES;
			};
			name = Release;
		};
		45C5CFFE2244BAD8003F8CD2 /* Debug */ = {
			isa = XCBuildConfiguration;
			baseConfigurationReference = 122F0D869925DE11DCB7C447 /* Pods-HNDemo-iPhone.debug.xcconfig */;
			buildSettings = {
				ASSETCATALOG_COMPILER_APPICON_NAME = AppIcon;
				CODE_SIGN_STYLE = Automatic;
				DEVELOPMENT_TEAM = 2Q9XGLF4A8;
				GCC_PREFIX_HEADER = "HNDemo-iPhone/PrefixHeader.pch";
				INFOPLIST_FILE = "HNDemo-iPhone/Info.plist";
				IPHONEOS_DEPLOYMENT_TARGET = 9.0;
				LD_RUNPATH_SEARCH_PATHS = "$(inherited) @executable_path/Frameworks";
				PRODUCT_BUNDLE_IDENTIFIER = "shuilin.HNDemo-iPhone";
				PRODUCT_NAME = "$(TARGET_NAME)";
				TARGETED_DEVICE_FAMILY = "1,2";
			};
			name = Debug;
		};
		45C5CFFF2244BAD8003F8CD2 /* Release */ = {
			isa = XCBuildConfiguration;
			baseConfigurationReference = 617DDAFE700E3A4E32659F14 /* Pods-HNDemo-iPhone.release.xcconfig */;
			buildSettings = {
				ASSETCATALOG_COMPILER_APPICON_NAME = AppIcon;
				CODE_SIGN_STYLE = Automatic;
				DEVELOPMENT_TEAM = 2Q9XGLF4A8;
				GCC_PREFIX_HEADER = "HNDemo-iPhone/PrefixHeader.pch";
				INFOPLIST_FILE = "HNDemo-iPhone/Info.plist";
				IPHONEOS_DEPLOYMENT_TARGET = 9.0;
				LD_RUNPATH_SEARCH_PATHS = "$(inherited) @executable_path/Frameworks";
				PRODUCT_BUNDLE_IDENTIFIER = "shuilin.HNDemo-iPhone";
				PRODUCT_NAME = "$(TARGET_NAME)";
				TARGETED_DEVICE_FAMILY = "1,2";
			};
			name = Release;
		};
		45C5D0012244BAD8003F8CD2 /* Debug */ = {
			isa = XCBuildConfiguration;
			buildSettings = {
				BUNDLE_LOADER = "$(TEST_HOST)";
				CODE_SIGN_STYLE = Automatic;
				INFOPLIST_FILE = "HNDemo-iPhoneTests/Info.plist";
				LD_RUNPATH_SEARCH_PATHS = "$(inherited) @executable_path/Frameworks @loader_path/Frameworks";
				PRODUCT_BUNDLE_IDENTIFIER = "shuilin.HNDemo-iPhoneTests";
				PRODUCT_NAME = "$(TARGET_NAME)";
				TARGETED_DEVICE_FAMILY = "1,2";
				TEST_HOST = "$(BUILT_PRODUCTS_DIR)/HNDemo-iPhone.app/HNDemo-iPhone";
			};
			name = Debug;
		};
		45C5D0022244BAD8003F8CD2 /* Release */ = {
			isa = XCBuildConfiguration;
			buildSettings = {
				BUNDLE_LOADER = "$(TEST_HOST)";
				CODE_SIGN_STYLE = Automatic;
				INFOPLIST_FILE = "HNDemo-iPhoneTests/Info.plist";
				LD_RUNPATH_SEARCH_PATHS = "$(inherited) @executable_path/Frameworks @loader_path/Frameworks";
				PRODUCT_BUNDLE_IDENTIFIER = "shuilin.HNDemo-iPhoneTests";
				PRODUCT_NAME = "$(TARGET_NAME)";
				TARGETED_DEVICE_FAMILY = "1,2";
				TEST_HOST = "$(BUILT_PRODUCTS_DIR)/HNDemo-iPhone.app/HNDemo-iPhone";
			};
			name = Release;
		};
		45C5D0042244BAD8003F8CD2 /* Debug */ = {
			isa = XCBuildConfiguration;
			buildSettings = {
				CODE_SIGN_STYLE = Automatic;
				INFOPLIST_FILE = "HNDemo-iPhoneUITests/Info.plist";
				LD_RUNPATH_SEARCH_PATHS = "$(inherited) @executable_path/Frameworks @loader_path/Frameworks";
				PRODUCT_BUNDLE_IDENTIFIER = "shuilin.HNDemo-iPhoneUITests";
				PRODUCT_NAME = "$(TARGET_NAME)";
				TARGETED_DEVICE_FAMILY = "1,2";
				TEST_TARGET_NAME = "HNDemo-iPhone";
			};
			name = Debug;
		};
		45C5D0052244BAD8003F8CD2 /* Release */ = {
			isa = XCBuildConfiguration;
			buildSettings = {
				CODE_SIGN_STYLE = Automatic;
				INFOPLIST_FILE = "HNDemo-iPhoneUITests/Info.plist";
				LD_RUNPATH_SEARCH_PATHS = "$(inherited) @executable_path/Frameworks @loader_path/Frameworks";
				PRODUCT_BUNDLE_IDENTIFIER = "shuilin.HNDemo-iPhoneUITests";
				PRODUCT_NAME = "$(TARGET_NAME)";
				TARGETED_DEVICE_FAMILY = "1,2";
				TEST_TARGET_NAME = "HNDemo-iPhone";
			};
			name = Release;
		};
/* End XCBuildConfiguration section */

/* Begin XCConfigurationList section */
		45C5CFCC2244BAD7003F8CD2 /* Build configuration list for PBXProject "HNDemo-iPhone" */ = {
			isa = XCConfigurationList;
			buildConfigurations = (
				45C5CFFB2244BAD8003F8CD2 /* Debug */,
				45C5CFFC2244BAD8003F8CD2 /* Release */,
			);
			defaultConfigurationIsVisible = 0;
			defaultConfigurationName = Release;
		};
		45C5CFFD2244BAD8003F8CD2 /* Build configuration list for PBXNativeTarget "HNDemo-iPhone" */ = {
			isa = XCConfigurationList;
			buildConfigurations = (
				45C5CFFE2244BAD8003F8CD2 /* Debug */,
				45C5CFFF2244BAD8003F8CD2 /* Release */,
			);
			defaultConfigurationIsVisible = 0;
			defaultConfigurationName = Release;
		};
		45C5D0002244BAD8003F8CD2 /* Build configuration list for PBXNativeTarget "HNDemo-iPhoneTests" */ = {
			isa = XCConfigurationList;
			buildConfigurations = (
				45C5D0012244BAD8003F8CD2 /* Debug */,
				45C5D0022244BAD8003F8CD2 /* Release */,
			);
			defaultConfigurationIsVisible = 0;
			defaultConfigurationName = Release;
		};
		45C5D0032244BAD8003F8CD2 /* Build configuration list for PBXNativeTarget "HNDemo-iPhoneUITests" */ = {
			isa = XCConfigurationList;
			buildConfigurations = (
				45C5D0042244BAD8003F8CD2 /* Debug */,
				45C5D0052244BAD8003F8CD2 /* Release */,
			);
			defaultConfigurationIsVisible = 0;
			defaultConfigurationName = Release;
		};
/* End XCConfigurationList section */

/* Begin XCVersionGroup section */
		4566D189228CEED800A6528C /* HNDemo.xcdatamodeld */ = {
			isa = XCVersionGroup;
			children = (
				4566D18A228CEED800A6528C /* HNDemo.xcdatamodel */,
			);
			currentVersion = 4566D18A228CEED800A6528C /* HNDemo.xcdatamodel */;
			path = HNDemo.xcdatamodeld;
			sourceTree = "<group>";
			versionGroupType = wrapper.xcdatamodel;
		};
/* End XCVersionGroup section */
	};
	rootObject = 45C5CFC92244BAD7003F8CD2 /* Project object */;
}
